<Solution>
  <Folder Name="/src/">
    <Project Path="src/MockMarket.Benchmarks/MockMarket.Benchmarks.csproj" />
    <Project Path="src/MockMarket.Core/MockMarket.Core.csproj" />
  </Folder>
  <Folder Name="/tests/">
    <Project Path="tests/MockMarket.Tests/MockMarket.Tests.csproj" />
  </Folder>
</Solution>
